{
  "name": "github-actions-nodejs-workflows",
  "version": "1.0.0",
  "lockfileVersion": 3,
  "requires": true,
  "packages": {
    "": {
      "name": "github-actions-nodejs-workflows",
      "version": "1.0.0",
      "license": "MIT",
      "dependencies": {
        "@actions/core": "^1.10.1",
        "@actions/exec": "^1.1.1",
        "@actions/github": "^5.1.1",
        "axios": "^1.6.2",
        "dotenv": "^16.3.1",
        "yaml": "^2.3.4"
      },
      "devDependencies": {
        "@types/node": "^20.10.0",
        "typescript": "^5.3.0"
      }
    },
    "node_modules/@actions/core": {
      "version": "1.10.1",
      "resolved": "https://registry.npmjs.org/@actions/core/-/core-1.10.1.tgz",
      "integrity": "sha512-3lBR9EDAY+iYVNT2G0qUE
